
Microsoft Visual Studio Solution File, Format Version 12.00
# Visual Studio Version 17
VisualStudioVersion = 17.2.32616.157
MinimumVisualStudioVersion = 10.0.40219.1
Project("{FAE04EC0-301F-11D3-BF4B-00C04F79EFBC}") = "ForgeNETApp", "ForgeNETApp\ForgeNETApp.csproj", "{31CC01D3-C857-4C88-80F5-B9554E7BFB51}"
EndProject
Global
	GlobalSection(SolutionConfigurationPlatforms) = preSolution
		Debug|Any CPU = Debug|Any CPU
		Release|Any CPU = Release|Any CPU
	EndGlobalSection
	GlobalSection(ProjectConfigurationPlatforms) = postSolution
		{31CC01D3-C857-4C88-80F5-B9554E7BFB51}.Debug|Any CPU.ActiveCfg = Debug|Any CPU
		{31CC01D3-C857-4C88-80F5-B9554E7BFB51}.Debug|Any CPU.Build.0 = Debug|Any CPU
		{31CC01D3-C857-4C88-80F5-B9554E7BFB51}.Release|Any CPU.ActiveCfg = Release|Any CPU
		{31CC01D3-C857-4C88-80F5-B9554E7BFB51}.Release|Any CPU.Build.0 = Release|Any CPU
	EndGlobalSection
	GlobalSection(SolutionProperties) = preSolution
		HideSolutionNode = FALSE
	EndGlobalSection
	GlobalSection(ExtensibilityGlobals) = postSolution
		SolutionGuid = {E3FF48C3-4C7A-41A7-8518-62D153A4AB6E}
	EndGlobalSection
EndGlobal
